PODS:
  - AFNetworking (2.6.0):
    - AFNetworking/NSURLConnection (= 2.6.0)
    - AFNetworking/NSURLSession (= 2.6.0)
    - AFNetworking/Reachability (= 2.6.0)
    - AFNetworking/Security (= 2.6.0)
    - AFNetworking/Serialization (= 2.6.0)
    - AFNetworking/UIKit (= 2.6.0)
  - AFNetworking/NSURLConnection (2.6.0):
    - AFNetworking/Reachability
    - AFNetworking/Security
    - AFNetworking/Serialization
  - AFNetworking/NSURLSession (2.6.0):
    - AFNetworking/Reachability
    - AFNetworking/Security
    - AFNetworking/Serialization
  - AFNetworking/Reachability (2.6.0)
  - AFNetworking/Security (2.6.0)
  - AFNetworking/Serialization (2.6.0)
  - AFNetworking/UIKit (2.6.0):
    - AFNetworking/NSURLConnection
    - AFNetworking/NSURLSession
  - ClsLib (0.0.1):
    - ClsLib/Category (= 0.0.1)
    - ClsLib/Util (= 0.0.1)
  - ClsLib/Category (0.0.1)
  - ClsLib/Util (0.0.1):
    - ClsLib/Util/BaseClass (= 0.0.1)
    - ClsLib/Util/HttpUtil (= 0.0.1)
    - ClsLib/Util/ResourceManager (= 0.0.1)
  - ClsLib/Util/BaseClass (0.0.1)
  - ClsLib/Util/HttpUtil (0.0.1):
    - AFNetworking (~> 2.6.0)
  - ClsLib/Util/ResourceManager (0.0.1)
  - SDWebImage (3.7.3):
    - SDWebImage/Core (= 3.7.3)
  - SDWebImage/Core (3.7.3)

DEPENDENCIES:
  - ClsLib (from `https://github.com/w747351274/ClsLib.git`)
  - SDWebImage (~> 3.2)

EXTERNAL SOURCES:
  ClsLib:
    :git: https://github.com/w747351274/ClsLib.git

CHECKOUT OPTIONS:
  ClsLib:
    :commit: 6745253819c088cb2aa14d9c8b07b8f753f5c7c5
    :git: https://github.com/w747351274/ClsLib.git

SPEC CHECKSUMS:
  AFNetworking: 79f7eb1a0fcfa7beb409332b2ca49afe9ce53b05
  ClsLib: f926d08bf7d2e952fdd1cb81fa27b2ef05739baf
  SDWebImage: 1d2b1a1efda1ade1b00b6f8498865f8ddedc8a84

COCOAPODS: 0.38.2
